PODS:
  - iLog (1.1.0):
    - iLog/Core (= 1.1.0)
  - iLog/Core (1.1.0):
    - SQLite.swift
    - SwiftDate
  - iLog/UI (1.1.0):
    - iLog/Core
  - SQLite.swift (0.11.3):
    - SQLite.swift/standard (= 0.11.3)
  - SQLite.swift/standard (0.11.3)
  - SwiftDate (4.1.1)

DEPENDENCIES:
  - iLog (from `.`)
  - iLog/UI (from `.`)

EXTERNAL SOURCES:
  iLog:
    :path: "."

SPEC CHECKSUMS:
  iLog: 15474d369530f91dc4d577e35cdd4b6b28cd793f
  SQLite.swift: 99b36c22084427f0abbeb957556ce1528cf10bb3
  SwiftDate: ae615078806a322183e5f64e02e80ca8d939bf48

PODFILE CHECKSUM: cce6a60e64f2d9410457c3e2d53308ac8428f43e

COCOAPODS: 1.2.1
